
Microsoft Visual Studio Solution File, Format Version 12.00
# Visual Studio Version 16
VisualStudioVersion = 16.0.31410.357
MinimumVisualStudioVersion = 10.0.40219.1
Project("{9A19103F-16F7-4668-BE54-9A1E7A4F7556}") = "WarThunderSlotsSavior", "WarThunderSlotsSavior\WarThunderSlotsSavior.csproj", "{7B529EA3-6A2F-4260-93AE-BDC6D4C470A7}"
EndProject
Global
	GlobalSection(SolutionConfigurationPlatforms) = preSolution
		Debug|Any CPU = Debug|Any CPU
		Release|Any CPU = Release|Any CPU
	EndGlobalSection
	GlobalSection(ProjectConfigurationPlatforms) = postSolution
		{7B529EA3-6A2F-4260-93AE-BDC6D4C470A7}.Debug|Any CPU.ActiveCfg = Debug|Any CPU
		{7B529EA3-6A2F-4260-93AE-BDC6D4C470A7}.Debug|Any CPU.Build.0 = Debug|Any CPU
		{7B529EA3-6A2F-4260-93AE-BDC6D4C470A7}.Release|Any CPU.ActiveCfg = Release|Any CPU
		{7B529EA3-6A2F-4260-93AE-BDC6D4C470A7}.Release|Any CPU.Build.0 = Release|Any CPU
	EndGlobalSection
	GlobalSection(SolutionProperties) = preSolution
		HideSolutionNode = FALSE
	EndGlobalSection
	GlobalSection(ExtensibilityGlobals) = postSolution
		SolutionGuid = {A9D4F037-324F-4C3C-BB6A-26780F640C64}
	EndGlobalSection
EndGlobal
